// !$*UTF8*$!
{
	archiveVersion = 1;
	classes = {
	};
	objectVersion = 46;
	objects = {

/* Begin PBXBuildFile section */
		821753A3152CB70C00552194 /* main.m in Sources */ = {isa = PBXBuildFile; fileRef = 821753A2152CB70C00552194 /* main.m */; };
		821753A6152CB73500552194 /* InfoPlist.strings in Resources */ = {isa = PBXBuildFile; fileRef = 821753A4152CB73500552194 /* InfoPlist.strings */; };
		8261D136152B418000229BE6 /* UIKit.framework in Frameworks */ = {isa = PBXBuildFile; fileRef = 8261D135152B418000229BE6 /* UIKit.framework */; };
		8261D138152B418000229BE6 /* Foundation.framework in Frameworks */ = {isa = PBXBuildFile; fileRef = 8261D137152B418000229BE6 /* Foundation.framework */; };
		8261D13A152B418000229BE6 /* CoreGraphics.framework in Frameworks */ = {isa = PBXBuildFile; fileRef = 8261D139152B418000229BE6 /* CoreGraphics.framework */; };
		8261D16F152B489F00229BE6 /* CoreData.framework in Frameworks */ = {isa = PBXBuildFile; fileRef = 8261D16E152B489F00229BE6 /* CoreData.framework */; };
		8261D19E152CAE7E00229BE6 /* AppDelegate.m in Sources */ = {isa = PBXBuildFile; fileRef = 8261D19B152CAE7E00229BE6 /* AppDelegate.m */; };
		8261D19F152CAE7F00229BE6 /* ViewController.m in Sources */ = {isa = PBXBuildFile; fileRef = 8261D19C152CAE7E00229BE6 /* ViewController.m */; };
		8261D1A3152CAF7600229BE6 /* ViewController.xib in Resources */ = {isa = PBXBuildFile; fileRef = 8261D1A1152CAF7500229BE6 /* ViewController.xib */; };
		82AAC25D152DE6A600269082 /* EventItem.m in Sources */ = {isa = PBXBuildFile; fileRef = 82AAC24F152DE6A600269082 /* EventItem.m */; };
		82AAC25E152DE6A600269082 /* EventLog.xcdatamodeld in Sources */ = {isa = PBXBuildFile; fileRef = 82AAC250152DE6A600269082 /* EventLog.xcdatamodeld */; };
		82AAC25F152DE6A600269082 /* EventLogConfigurationViewController.m in Sources */ = {isa = PBXBuildFile; fileRef = 82AAC253152DE6A600269082 /* EventLogConfigurationViewController.m */; };
		82AAC260152DE6A600269082 /* EventLogConfigurationViewController.xib in Resources */ = {isa = PBXBuildFile; fileRef = 82AAC254152DE6A600269082 /* EventLogConfigurationViewController.xib */; };
		82AAC261152DE6A600269082 /* EventLogStoreCoordinator.m in Sources */ = {isa = PBXBuildFile; fileRef = 82AAC257152DE6A600269082 /* EventLogStoreCoordinator.m */; };
		82AAC262152DE6A600269082 /* EventLogTableCell.m in Sources */ = {isa = PBXBuildFile; fileRef = 82AAC259152DE6A600269082 /* EventLogTableCell.m */; };
		82AAC263152DE6A600269082 /* EventLogViewController.m in Sources */ = {isa = PBXBuildFile; fileRef = 82AAC25B152DE6A600269082 /* EventLogViewController.m */; };
		82AAC264152DE6A600269082 /* EventLogViewController.xib in Resources */ = {isa = PBXBuildFile; fileRef = 82AAC25C152DE6A600269082 /* EventLogViewController.xib */; };
/* End PBXBuildFile section */

/* Begin PBXFileReference section */
		821753A2152CB70C00552194 /* main.m */ = {isa = PBXFileReference; fileEncoding = 4; lastKnownFileType = sourcecode.c.objc; path = main.m; sourceTree = SOURCE_ROOT; };
		821753A5152CB73500552194 /* en */ = {isa = PBXFileReference; lastKnownFileType = text.plist.strings; name = en; path = en.lproj/InfoPlist.strings; sourceTree = SOURCE_ROOT; };
		8261D131152B418000229BE6 /* EventLogExample.app */ = {isa = PBXFileReference; explicitFileType = wrapper.application; includeInIndex = 0; path = EventLogExample.app; sourceTree = BUILT_PRODUCTS_DIR; };
		8261D135152B418000229BE6 /* UIKit.framework */ = {isa = PBXFileReference; lastKnownFileType = wrapper.framework; name = UIKit.framework; path = System/Library/Frameworks/UIKit.framework; sourceTree = SDKROOT; };
		8261D137152B418000229BE6 /* Foundation.framework */ = {isa = PBXFileReference; lastKnownFileType = wrapper.framework; name = Foundation.framework; path = System/Library/Frameworks/Foundation.framework; sourceTree = SDKROOT; };
		8261D139152B418000229BE6 /* CoreGraphics.framework */ = {isa = PBXFileReference; lastKnownFileType = wrapper.framework; name = CoreGraphics.framework; path = System/Library/Frameworks/CoreGraphics.framework; sourceTree = SDKROOT; };
		8261D13D152B418000229BE6 /* EventLogExample-Info.plist */ = {isa = PBXFileReference; lastKnownFileType = text.plist.xml; path = "EventLogExample-Info.plist"; sourceTree = "<group>"; };
		8261D143152B418000229BE6 /* EventLogExample-Prefix.pch */ = {isa = PBXFileReference; lastKnownFileType = sourcecode.c.h; path = "EventLogExample-Prefix.pch"; sourceTree = "<group>"; };
		8261D16E152B489F00229BE6 /* CoreData.framework */ = {isa = PBXFileReference; lastKnownFileType = wrapper.framework; name = CoreData.framework; path = System/Library/Frameworks/CoreData.framework; sourceTree = SDKROOT; };
		8261D19A152CAE7E00229BE6 /* AppDelegate.h */ = {isa = PBXFileReference; fileEncoding = 4; lastKnownFileType = sourcecode.c.h; path = AppDelegate.h; sourceTree = SOURCE_ROOT; };
		8261D19B152CAE7E00229BE6 /* AppDelegate.m */ = {isa = PBXFileReference; fileEncoding = 4; lastKnownFileType = sourcecode.c.objc; path = AppDelegate.m; sourceTree = SOURCE_ROOT; };
		8261D19C152CAE7E00229BE6 /* ViewController.m */ = {isa = PBXFileReference; fileEncoding = 4; lastKnownFileType = sourcecode.c.objc; path = ViewController.m; sourceTree = SOURCE_ROOT; };
		8261D19D152CAE7E00229BE6 /* ViewController.h */ = {isa = PBXFileReference; fileEncoding = 4; lastKnownFileType = sourcecode.c.h; path = ViewController.h; sourceTree = SOURCE_ROOT; };
		8261D1A2152CAF7600229BE6 /* en */ = {isa = PBXFileReference; lastKnownFileType = file.xib; name = en; path = en.lproj/ViewController.xib; sourceTree = SOURCE_ROOT; };
		82AAC24E152DE6A600269082 /* EventItem.h */ = {isa = PBXFileReference; fileEncoding = 4; lastKnownFileType = sourcecode.c.h; path = EventItem.h; sourceTree = "<group>"; };
		82AAC24F152DE6A600269082 /* EventItem.m */ = {isa = PBXFileReference; fileEncoding = 4; lastKnownFileType = sourcecode.c.objc; path = EventItem.m; sourceTree = "<group>"; };
		82AAC251152DE6A600269082 /* EventLog.xcdatamodel */ = {isa = PBXFileReference; lastKnownFileType = wrapper.xcdatamodel; path = EventLog.xcdatamodel; sourceTree = "<group>"; };
		82AAC252152DE6A600269082 /* EventLogConfigurationViewController.h */ = {isa = PBXFileReference; fileEncoding = 4; lastKnownFileType = sourcecode.c.h; path = EventLogConfigurationViewController.h; sourceTree = "<group>"; };
		82AAC253152DE6A600269082 /* EventLogConfigurationViewController.m */ = {isa = PBXFileReference; fileEncoding = 4; lastKnownFileType = sourcecode.c.objc; path = EventLogConfigurationViewController.m; sourceTree = "<group>"; };
		82AAC254152DE6A600269082 /* EventLogConfigurationViewController.xib */ = {isa = PBXFileReference; fileEncoding = 4; lastKnownFileType = file.xib; path = EventLogConfigurationViewController.xib; sourceTree = "<group>"; };
		82AAC255152DE6A600269082 /* EventLogDefinitions.h */ = {isa = PBXFileReference; fileEncoding = 4; lastKnownFileType = sourcecode.c.h; path = EventLogDefinitions.h; sourceTree = "<group>"; };
		82AAC256152DE6A600269082 /* EventLogStoreCoordinator.h */ = {isa = PBXFileReference; fileEncoding = 4; lastKnownFileType = sourcecode.c.h; path = EventLogStoreCoordinator.h; sourceTree = "<group>"; };
		82AAC257152DE6A600269082 /* EventLogStoreCoordinator.m */ = {isa = PBXFileReference; fileEncoding = 4; lastKnownFileType = sourcecode.c.objc; path = EventLogStoreCoordinator.m; sourceTree = "<group>"; };
		82AAC258152DE6A600269082 /* EventLogTableCell.h */ = {isa = PBXFileReference; fileEncoding = 4; lastKnownFileType = sourcecode.c.h; path = EventLogTableCell.h; sourceTree = "<group>"; };
		82AAC259152DE6A600269082 /* EventLogTableCell.m */ = {isa = PBXFileReference; fileEncoding = 4; lastKnownFileType = sourcecode.c.objc; path = EventLogTableCell.m; sourceTree = "<group>"; };
		82AAC25A152DE6A600269082 /* EventLogViewController.h */ = {isa = PBXFileReference; fileEncoding = 4; lastKnownFileType = sourcecode.c.h; path = EventLogViewController.h; sourceTree = "<group>"; };
		82AAC25B152DE6A600269082 /* EventLogViewController.m */ = {isa = PBXFileReference; fileEncoding = 4; lastKnownFileType = sourcecode.c.objc; path = EventLogViewController.m; sourceTree = "<group>"; };
		82AAC25C152DE6A600269082 /* EventLogViewController.xib */ = {isa = PBXFileReference; fileEncoding = 4; lastKnownFileType = file.xib; path = EventLogViewController.xib; sourceTree = "<group>"; };
/* End PBXFileReference section */

/* Begin PBXFrameworksBuildPhase section */
		8261D12E152B418000229BE6 /* Frameworks */ = {
			isa = PBXFrameworksBuildPhase;
			buildActionMask = 2147483647;
			files = (
				8261D16F152B489F00229BE6 /* CoreData.framework in Frameworks */,
				8261D136152B418000229BE6 /* UIKit.framework in Frameworks */,
				8261D138152B418000229BE6 /* Foundation.framework in Frameworks */,
				8261D13A152B418000229BE6 /* CoreGraphics.framework in Frameworks */,
			);
			runOnlyForDeploymentPostprocessing = 0;
		};
/* End PBXFrameworksBuildPhase section */

/* Begin PBXGroup section */
		8261D126152B418000229BE6 = {
			isa = PBXGroup;
			children = (
				8261D13B152B418000229BE6 /* EventLogExample */,
				8261D134152B418000229BE6 /* Frameworks */,
				8261D132152B418000229BE6 /* Products */,
			);
			sourceTree = "<group>";
		};
		8261D132152B418000229BE6 /* Products */ = {
			isa = PBXGroup;
			children = (
				8261D131152B418000229BE6 /* EventLogExample.app */,
			);
			name = Products;
			sourceTree = "<group>";
		};
		8261D134152B418000229BE6 /* Frameworks */ = {
			isa = PBXGroup;
			children = (
				8261D16E152B489F00229BE6 /* CoreData.framework */,
				8261D135152B418000229BE6 /* UIKit.framework */,
				8261D137152B418000229BE6 /* Foundation.framework */,
				8261D139152B418000229BE6 /* CoreGraphics.framework */,
			);
			name = Frameworks;
			sourceTree = "<group>";
		};
		8261D13B152B418000229BE6 /* EventLogExample */ = {
			isa = PBXGroup;
			children = (
				82AAC24D152DE6A600269082 /* EventLog */,
				8261D19A152CAE7E00229BE6 /* AppDelegate.h */,
				8261D19B152CAE7E00229BE6 /* AppDelegate.m */,
				8261D19D152CAE7E00229BE6 /* ViewController.h */,
				8261D19C152CAE7E00229BE6 /* ViewController.m */,
				8261D1A1152CAF7500229BE6 /* ViewController.xib */,
				8261D13C152B418000229BE6 /* Supporting Files */,
			);
			path = EventLogExample;
			sourceTree = "<group>";
		};
		8261D13C152B418000229BE6 /* Supporting Files */ = {
			isa = PBXGroup;
			children = (
				821753A2152CB70C00552194 /* main.m */,
				821753A4152CB73500552194 /* InfoPlist.strings */,
				8261D13D152B418000229BE6 /* EventLogExample-Info.plist */,
				8261D143152B418000229BE6 /* EventLogExample-Prefix.pch */,
			);
			name = "Supporting Files";
			sourceTree = "<group>";
		};
		82AAC24D152DE6A600269082 /* EventLog */ = {
			isa = PBXGroup;
			children = (
				82AAC255152DE6A600269082 /* EventLogDefinitions.h */,
				82AAC266152DE6B900269082 /* CoreData */,
				82AAC265152DE6B100269082 /* Configuration */,
				82AAC267152DE6CA00269082 /* Log View Controller */,
			);
			path = EventLog;
			sourceTree = SOURCE_ROOT;
		};
		82AAC265152DE6B100269082 /* Configuration */ = {
			isa = PBXGroup;
			children = (
				82AAC252152DE6A600269082 /* EventLogConfigurationViewController.h */,
				82AAC253152DE6A600269082 /* EventLogConfigurationViewController.m */,
				82AAC254152DE6A600269082 /* EventLogConfigurationViewController.xib */,
			);
			name = Configuration;
			sourceTree = "<group>";
		};
		82AAC266152DE6B900269082 /* CoreData */ = {
			isa = PBXGroup;
			children = (
				82AAC256152DE6A600269082 /* EventLogStoreCoordinator.h */,
				82AAC257152DE6A600269082 /* EventLogStoreCoordinator.m */,
				82AAC24E152DE6A600269082 /* EventItem.h */,
				82AAC24F152DE6A600269082 /* EventItem.m */,
				82AAC250152DE6A600269082 /* EventLog.xcdatamodeld */,
			);
			name = CoreData;
			sourceTree = "<group>";
		};
		82AAC267152DE6CA00269082 /* Log View Controller */ = {
			isa = PBXGroup;
			children = (
				82AAC258152DE6A600269082 /* EventLogTableCell.h */,
				82AAC259152DE6A600269082 /* EventLogTableCell.m */,
				82AAC25A152DE6A600269082 /* EventLogViewController.h */,
				82AAC25B152DE6A600269082 /* EventLogViewController.m */,
				82AAC25C152DE6A600269082 /* EventLogViewController.xib */,
			);
			name = "Log View Controller";
			sourceTree = "<group>";
		};
/* End PBXGroup section */

/* Begin PBXNativeTarget section */
		8261D130152B418000229BE6 /* EventLogExample */ = {
			isa = PBXNativeTarget;
			buildConfigurationList = 8261D14F152B418000229BE6 /* Build configuration list for PBXNativeTarget "EventLogExample" */;
			buildPhases = (
				8261D12D152B418000229BE6 /* Sources */,
				8261D12E152B418000229BE6 /* Frameworks */,
				8261D12F152B418000229BE6 /* Resources */,
			);
			buildRules = (
			);
			dependencies = (
			);
			name = EventLogExample;
			productName = EventLogExample;
			productReference = 8261D131152B418000229BE6 /* EventLogExample.app */;
			productType = "com.apple.product-type.application";
		};
/* End PBXNativeTarget section */

/* Begin PBXProject section */
		8261D128152B418000229BE6 /* Project object */ = {
			isa = PBXProject;
			attributes = {
				LastUpgradeCheck = 0430;
				ORGANIZATIONNAME = NISC;
			};
			buildConfigurationList = 8261D12B152B418000229BE6 /* Build configuration list for PBXProject "EventLogExample" */;
			compatibilityVersion = "Xcode 3.2";
			developmentRegion = English;
			hasScannedForEncodings = 0;
			knownRegions = (
				en,
			);
			mainGroup = 8261D126152B418000229BE6;
			productRefGroup = 8261D132152B418000229BE6 /* Products */;
			projectDirPath = "";
			projectRoot = "";
			targets = (
				8261D130152B418000229BE6 /* EventLogExample */,
			);
		};
/* End PBXProject section */

/* Begin PBXResourcesBuildPhase section */
		8261D12F152B418000229BE6 /* Resources */ = {
			isa = PBXResourcesBuildPhase;
			buildActionMask = 2147483647;
			files = (
				8261D1A3152CAF7600229BE6 /* ViewController.xib in Resources */,
				821753A6152CB73500552194 /* InfoPlist.strings in Resources */,
				82AAC260152DE6A600269082 /* EventLogConfigurationViewController.xib in Resources */,
				82AAC264152DE6A600269082 /* EventLogViewController.xib in Resources */,
			);
			runOnlyForDeploymentPostprocessing = 0;
		};
/* End PBXResourcesBuildPhase section */

/* Begin PBXSourcesBuildPhase section */
		8261D12D152B418000229BE6 /* Sources */ = {
			isa = PBXSourcesBuildPhase;
			buildActionMask = 2147483647;
			files = (
				8261D19E152CAE7E00229BE6 /* AppDelegate.m in Sources */,
				8261D19F152CAE7F00229BE6 /* ViewController.m in Sources */,
				821753A3152CB70C00552194 /* main.m in Sources */,
				82AAC25D152DE6A600269082 /* EventItem.m in Sources */,
				82AAC25E152DE6A600269082 /* EventLog.xcdatamodeld in Sources */,
				82AAC25F152DE6A600269082 /* EventLogConfigurationViewController.m in Sources */,
				82AAC261152DE6A600269082 /* EventLogStoreCoordinator.m in Sources */,
				82AAC262152DE6A600269082 /* EventLogTableCell.m in Sources */,
				82AAC263152DE6A600269082 /* EventLogViewController.m in Sources */,
			);
			runOnlyForDeploymentPostprocessing = 0;
		};
/* End PBXSourcesBuildPhase section */

/* Begin PBXVariantGroup section */
		821753A4152CB73500552194 /* InfoPlist.strings */ = {
			isa = PBXVariantGroup;
			children = (
				821753A5152CB73500552194 /* en */,
			);
			name = InfoPlist.strings;
			sourceTree = "<group>";
		};
		8261D1A1152CAF7500229BE6 /* ViewController.xib */ = {
			isa = PBXVariantGroup;
			children = (
				8261D1A2152CAF7600229BE6 /* en */,
			);
			name = ViewController.xib;
			sourceTree = "<group>";
		};
/* End PBXVariantGroup section */

/* Begin XCBuildConfiguration section */
		8261D14D152B418000229BE6 /* Debug */ = {
			isa = XCBuildConfiguration;
			buildSettings = {
				ALWAYS_SEARCH_USER_PATHS = NO;
				ARCHS = "$(ARCHS_STANDARD_32_BIT)";
				"CODE_SIGN_IDENTITY[sdk=iphoneos*]" = "iPhone Developer";
				COPY_PHASE_STRIP = NO;
				FRAMEWORK_SEARCH_PATHS = "$SRCROOT/**";
				GCC_C_LANGUAGE_STANDARD = "compiler-default";
				GCC_DYNAMIC_NO_PIC = NO;
				GCC_OPTIMIZATION_LEVEL = 0;
				GCC_PREFIX_HEADER = "EventLogExample-Prefix.pch";
				GCC_PREPROCESSOR_DEFINITIONS = (
					"DEBUG=1",
					"$(inherited)",
				);
				GCC_SYMBOLS_PRIVATE_EXTERN = NO;
				GCC_VERSION = "";
				GCC_WARN_ABOUT_MISSING_PROTOTYPES = YES;
				GCC_WARN_ABOUT_RETURN_TYPE = YES;
				GCC_WARN_UNUSED_VARIABLE = YES;
				HEADER_SEARCH_PATHS = "$SRCROOT/**";
				INFOPLIST_FILE = "EventLogExample-Info.plist";
				IPHONEOS_DEPLOYMENT_TARGET = 5.0;
				LIBRARY_SEARCH_PATHS = "$SRCROOT/**";
				PRODUCT_NAME = EventLogExample;
				SDKROOT = iphoneos;
				WRAPPER_EXTENSION = app;
			};
			name = Debug;
		};
		8261D14E152B418000229BE6 /* Release */ = {
			isa = XCBuildConfiguration;
			buildSettings = {
				ALWAYS_SEARCH_USER_PATHS = NO;
				ARCHS = "$(ARCHS_STANDARD_32_BIT)";
				"CODE_SIGN_IDENTITY[sdk=iphoneos*]" = "iPhone Developer";
				COPY_PHASE_STRIP = YES;
				FRAMEWORK_SEARCH_PATHS = "$SRCROOT/**";
				GCC_C_LANGUAGE_STANDARD = "compiler-default";
				GCC_PREFIX_HEADER = "EventLogExample-Prefix.pch";
				GCC_VERSION = "";
				GCC_WARN_ABOUT_MISSING_PROTOTYPES = YES;
				GCC_WARN_ABOUT_RETURN_TYPE = YES;
				GCC_WARN_UNUSED_VARIABLE = YES;
				HEADER_SEARCH_PATHS = "$SRCROOT/**";
				INFOPLIST_FILE = "EventLogExample-Info.plist";
				IPHONEOS_DEPLOYMENT_TARGET = 5.0;
				LIBRARY_SEARCH_PATHS = "$SRCROOT/**";
				OTHER_CFLAGS = "-DNS_BLOCK_ASSERTIONS=1";
				PRODUCT_NAME = EventLogExample;
				SDKROOT = iphoneos;
				VALIDATE_PRODUCT = YES;
				WRAPPER_EXTENSION = app;
			};
			name = Release;
		};
		8261D150152B418000229BE6 /* Debug */ = {
			isa = XCBuildConfiguration;
			buildSettings = {
				GCC_PRECOMPILE_PREFIX_HEADER = YES;
				GCC_PREFIX_HEADER = "EventLogExample-Prefix.pch";
				HEADER_SEARCH_PATHS = $inherited;
				INFOPLIST_FILE = "EventLogExample-Info.plist";
				LIBRARY_SEARCH_PATHS = $inherited;
				PRODUCT_NAME = "$(TARGET_NAME)";
				WRAPPER_EXTENSION = app;
			};
			name = Debug;
		};
		8261D151152B418000229BE6 /* Release */ = {
			isa = XCBuildConfiguration;
			buildSettings = {
				GCC_PRECOMPILE_PREFIX_HEADER = YES;
				GCC_PREFIX_HEADER = "EventLogExample-Prefix.pch";
				HEADER_SEARCH_PATHS = $inherited;
				INFOPLIST_FILE = "EventLogExample-Info.plist";
				LIBRARY_SEARCH_PATHS = $inherited;
				PRODUCT_NAME = "$(TARGET_NAME)";
				WRAPPER_EXTENSION = app;
			};
			name = Release;
		};
/* End XCBuildConfiguration section */

/* Begin XCConfigurationList section */
		8261D12B152B418000229BE6 /* Build configuration list for PBXProject "EventLogExample" */ = {
			isa = XCConfigurationList;
			buildConfigurations = (
				8261D14D152B418000229BE6 /* Debug */,
				8261D14E152B418000229BE6 /* Release */,
			);
			defaultConfigurationIsVisible = 0;
			defaultConfigurationName = Release;
		};
		8261D14F152B418000229BE6 /* Build configuration list for PBXNativeTarget "EventLogExample" */ = {
			isa = XCConfigurationList;
			buildConfigurations = (
				8261D150152B418000229BE6 /* Debug */,
				8261D151152B418000229BE6 /* Release */,
			);
			defaultConfigurationIsVisible = 0;
			defaultConfigurationName = Release;
		};
/* End XCConfigurationList section */

/* Begin XCVersionGroup section */
		82AAC250152DE6A600269082 /* EventLog.xcdatamodeld */ = {
			isa = XCVersionGroup;
			children = (
				82AAC251152DE6A600269082 /* EventLog.xcdatamodel */,
			);
			currentVersion = 82AAC251152DE6A600269082 /* EventLog.xcdatamodel */;
			path = EventLog.xcdatamodeld;
			sourceTree = "<group>";
			versionGroupType = wrapper.xcdatamodel;
		};
/* End XCVersionGroup section */
	};
	rootObject = 8261D128152B418000229BE6 /* Project object */;
}
